
Microsoft Visual Studio Solution File, Format Version 12.00
# Visual Studio 2013
VisualStudioVersion = 12.0.21005.1
MinimumVisualStudioVersion = 10.0.40219.1
Project("{FAE04EC0-301F-11D3-BF4B-00C04F79EFBC}") = "eStore.Web.UI", "eStore.Web.UI\eStore.Web.UI.csproj", "{663634F9-13C7-4137-90AE-F43BEF5515BC}"
EndProject
Project("{2150E333-8FDC-42A3-9474-1A3956D46DE8}") = ".nuget", ".nuget", "{37D8F018-8DD4-4022-8D19-306CF8022F8F}"
	ProjectSection(SolutionItems) = preProject
		.nuget\NuGet.Config = .nuget\NuGet.Config
		.nuget\NuGet.exe = .nuget\NuGet.exe
		.nuget\NuGet.targets = .nuget\NuGet.targets
	EndProjectSection
EndProject
Project("{FAE04EC0-301F-11D3-BF4B-00C04F79EFBC}") = "eStore.Domain", "eStore.Domain\eStore.Domain.csproj", "{C05C6BD8-CA43-4122-96C6-5972EF972594}"
EndProject
Project("{FAE04EC0-301F-11D3-BF4B-00C04F79EFBC}") = "eStore.Interfaces", "eStore.Interfaces\eStore.Interfaces.csproj", "{C496E103-5413-4298-B4E5-D317EF6C2448}"
EndProject
Project("{FAE04EC0-301F-11D3-BF4B-00C04F79EFBC}") = "eStore.DataAccess", "eStore.DataAccess\eStore.DataAccess.csproj", "{FCA629D6-C866-4F8F-84F8-B238B25CC024}"
EndProject
Project("{FAE04EC0-301F-11D3-BF4B-00C04F79EFBC}") = "eStore.Core", "eStore.Core\eStore.Core.csproj", "{70791CE4-C21A-4B06-AE6A-52B7E0AA2503}"
EndProject
Project("{FAE04EC0-301F-11D3-BF4B-00C04F79EFBC}") = "eStore.Web.Infrastructure", "eStore.Web.Infrastructure\eStore.Web.Infrastructure.csproj", "{9116E915-7DDA-4F8B-A121-E43317EB8BFC}"
EndProject
Project("{FAE04EC0-301F-11D3-BF4B-00C04F79EFBC}") = "eStore.Tests", "eStore.Tests\eStore.Tests.csproj", "{683829DF-FA01-4467-B3EE-628CA05DA848}"
EndProject
Global
	GlobalSection(SolutionConfigurationPlatforms) = preSolution
		Debug|Any CPU = Debug|Any CPU
		Release|Any CPU = Release|Any CPU
	EndGlobalSection
	GlobalSection(ProjectConfigurationPlatforms) = postSolution
		{663634F9-13C7-4137-90AE-F43BEF5515BC}.Debug|Any CPU.ActiveCfg = Debug|Any CPU
		{663634F9-13C7-4137-90AE-F43BEF5515BC}.Debug|Any CPU.Build.0 = Debug|Any CPU
		{663634F9-13C7-4137-90AE-F43BEF5515BC}.Release|Any CPU.ActiveCfg = Release|Any CPU
		{663634F9-13C7-4137-90AE-F43BEF5515BC}.Release|Any CPU.Build.0 = Release|Any CPU
		{C05C6BD8-CA43-4122-96C6-5972EF972594}.Debug|Any CPU.ActiveCfg = Debug|Any CPU
		{C05C6BD8-CA43-4122-96C6-5972EF972594}.Debug|Any CPU.Build.0 = Debug|Any CPU
		{C05C6BD8-CA43-4122-96C6-5972EF972594}.Release|Any CPU.ActiveCfg = Release|Any CPU
		{C05C6BD8-CA43-4122-96C6-5972EF972594}.Release|Any CPU.Build.0 = Release|Any CPU
		{C496E103-5413-4298-B4E5-D317EF6C2448}.Debug|Any CPU.ActiveCfg = Debug|Any CPU
		{C496E103-5413-4298-B4E5-D317EF6C2448}.Debug|Any CPU.Build.0 = Debug|Any CPU
		{C496E103-5413-4298-B4E5-D317EF6C2448}.Release|Any CPU.ActiveCfg = Release|Any CPU
		{C496E103-5413-4298-B4E5-D317EF6C2448}.Release|Any CPU.Build.0 = Release|Any CPU
		{FCA629D6-C866-4F8F-84F8-B238B25CC024}.Debug|Any CPU.ActiveCfg = Debug|Any CPU
		{FCA629D6-C866-4F8F-84F8-B238B25CC024}.Debug|Any CPU.Build.0 = Debug|Any CPU
		{FCA629D6-C866-4F8F-84F8-B238B25CC024}.Release|Any CPU.ActiveCfg = Release|Any CPU
		{FCA629D6-C866-4F8F-84F8-B238B25CC024}.Release|Any CPU.Build.0 = Release|Any CPU
		{70791CE4-C21A-4B06-AE6A-52B7E0AA2503}.Debug|Any CPU.ActiveCfg = Debug|Any CPU
		{70791CE4-C21A-4B06-AE6A-52B7E0AA2503}.Debug|Any CPU.Build.0 = Debug|Any CPU
		{70791CE4-C21A-4B06-AE6A-52B7E0AA2503}.Release|Any CPU.ActiveCfg = Release|Any CPU
		{70791CE4-C21A-4B06-AE6A-52B7E0AA2503}.Release|Any CPU.Build.0 = Release|Any CPU
		{9116E915-7DDA-4F8B-A121-E43317EB8BFC}.Debug|Any CPU.ActiveCfg = Debug|Any CPU
		{9116E915-7DDA-4F8B-A121-E43317EB8BFC}.Debug|Any CPU.Build.0 = Debug|Any CPU
		{9116E915-7DDA-4F8B-A121-E43317EB8BFC}.Release|Any CPU.ActiveCfg = Release|Any CPU
		{9116E915-7DDA-4F8B-A121-E43317EB8BFC}.Release|Any CPU.Build.0 = Release|Any CPU
		{683829DF-FA01-4467-B3EE-628CA05DA848}.Debug|Any CPU.ActiveCfg = Debug|Any CPU
		{683829DF-FA01-4467-B3EE-628CA05DA848}.Debug|Any CPU.Build.0 = Debug|Any CPU
		{683829DF-FA01-4467-B3EE-628CA05DA848}.Release|Any CPU.ActiveCfg = Release|Any CPU
		{683829DF-FA01-4467-B3EE-628CA05DA848}.Release|Any CPU.Build.0 = Release|Any CPU
	EndGlobalSection
	GlobalSection(SolutionProperties) = preSolution
		HideSolutionNode = FALSE
	EndGlobalSection
	GlobalSection(ExtensibilityGlobals) = postSolution
		EnterpriseLibraryConfigurationToolBinariesPath = packages\Unity.2.1.505.2\lib\NET35
	EndGlobalSection
EndGlobal
