
Microsoft Visual Studio Solution File, Format Version 12.00
# Visual Studio 2013
VisualStudioVersion = 12.0.20623.1 VSUPREVIEW
MinimumVisualStudioVersion = 10.0.40219.1
Project("{FAE04EC0-301F-11D3-BF4B-00C04F79EFBC}") = "eStore.Web", "eStore.Web\eStore.Web.csproj", "{663634F9-13C7-4137-90AE-F43BEF5515BC}"
EndProject
Project("{2150E333-8FDC-42A3-9474-1A3956D46DE8}") = ".nuget", ".nuget", "{37D8F018-8DD4-4022-8D19-306CF8022F8F}"
	ProjectSection(SolutionItems) = preProject
		.nuget\NuGet.Config = .nuget\NuGet.Config
		.nuget\NuGet.exe = .nuget\NuGet.exe
		.nuget\NuGet.targets = .nuget\NuGet.targets
	EndProjectSection
EndProject
Project("{FAE04EC0-301F-11D3-BF4B-00C04F79EFBC}") = "eStore.Models", "eStore.Models\eStore.Models.csproj", "{C05C6BD8-CA43-4122-96C6-5972EF972594}"
EndProject
Project("{FAE04EC0-301F-11D3-BF4B-00C04F79EFBC}") = "eStore.Interfaces", "eStore.Interfaces\eStore.Interfaces.csproj", "{C496E103-5413-4298-B4E5-D317EF6C2448}"
EndProject
Global
	GlobalSection(SolutionConfigurationPlatforms) = preSolution
		Debug|Any CPU = Debug|Any CPU
		Release|Any CPU = Release|Any CPU
	EndGlobalSection
	GlobalSection(ProjectConfigurationPlatforms) = postSolution
		{663634F9-13C7-4137-90AE-F43BEF5515BC}.Debug|Any CPU.ActiveCfg = Debug|Any CPU
		{663634F9-13C7-4137-90AE-F43BEF5515BC}.Debug|Any CPU.Build.0 = Debug|Any CPU
		{663634F9-13C7-4137-90AE-F43BEF5515BC}.Release|Any CPU.ActiveCfg = Release|Any CPU
		{663634F9-13C7-4137-90AE-F43BEF5515BC}.Release|Any CPU.Build.0 = Release|Any CPU
		{C05C6BD8-CA43-4122-96C6-5972EF972594}.Debug|Any CPU.ActiveCfg = Debug|Any CPU
		{C05C6BD8-CA43-4122-96C6-5972EF972594}.Debug|Any CPU.Build.0 = Debug|Any CPU
		{C05C6BD8-CA43-4122-96C6-5972EF972594}.Release|Any CPU.ActiveCfg = Release|Any CPU
		{C05C6BD8-CA43-4122-96C6-5972EF972594}.Release|Any CPU.Build.0 = Release|Any CPU
		{C496E103-5413-4298-B4E5-D317EF6C2448}.Debug|Any CPU.ActiveCfg = Debug|Any CPU
		{C496E103-5413-4298-B4E5-D317EF6C2448}.Debug|Any CPU.Build.0 = Debug|Any CPU
		{C496E103-5413-4298-B4E5-D317EF6C2448}.Release|Any CPU.ActiveCfg = Release|Any CPU
		{C496E103-5413-4298-B4E5-D317EF6C2448}.Release|Any CPU.Build.0 = Release|Any CPU
	EndGlobalSection
	GlobalSection(SolutionProperties) = preSolution
		HideSolutionNode = FALSE
	EndGlobalSection
EndGlobal
