
Microsoft Visual Studio Solution File, Format Version 12.00
# Visual Studio 2010
Project("{FAE04EC0-301F-11D3-BF4B-00C04F79EFBC}") = "eStore.Web", "eStore.Web\eStore.Web.csproj", "{663634F9-13C7-4137-90AE-F43BEF5515BC}"
EndProject
Global
	GlobalSection(SolutionConfigurationPlatforms) = preSolution
		Debug|Any CPU = Debug|Any CPU
		Release|Any CPU = Release|Any CPU
	EndGlobalSection
	GlobalSection(ProjectConfigurationPlatforms) = postSolution
		{663634F9-13C7-4137-90AE-F43BEF5515BC}.Debug|Any CPU.ActiveCfg = Debug|Any CPU
		{663634F9-13C7-4137-90AE-F43BEF5515BC}.Debug|Any CPU.Build.0 = Debug|Any CPU
		{663634F9-13C7-4137-90AE-F43BEF5515BC}.Release|Any CPU.ActiveCfg = Release|Any CPU
		{663634F9-13C7-4137-90AE-F43BEF5515BC}.Release|Any CPU.Build.0 = Release|Any CPU
	EndGlobalSection
	GlobalSection(SolutionProperties) = preSolution
		HideSolutionNode = FALSE
	EndGlobalSection
EndGlobal
